
Microsoft Visual Studio Solution File, Format Version 12.00
# Visual Studio Version 17
VisualStudioVersion = 17.14.36408.4 d17.14
MinimumVisualStudioVersion = 10.0.40219.1
Project("{FAE04EC0-301F-11D3-BF4B-00C04F79EFBC}") = "DHKTPM18ATT_Tong_Phuc_Long_TienPhat", "DHKTPM18ATT_Tong_Phuc_Long_TienPhat.csproj", "{469B7218-C7F1-4D89-A90A-252F459A5B00}"
EndProject
Global
	GlobalSection(SolutionConfigurationPlatforms) = preSolution
		Debug|Any CPU = Debug|Any CPU
		Release|Any CPU = Release|Any CPU
	EndGlobalSection
	GlobalSection(ProjectConfigurationPlatforms) = postSolution
		{469B7218-C7F1-4D89-A90A-252F459A5B00}.Debug|Any CPU.ActiveCfg = Debug|Any CPU
		{469B7218-C7F1-4D89-A90A-252F459A5B00}.Debug|Any CPU.Build.0 = Debug|Any CPU
		{469B7218-C7F1-4D89-A90A-252F459A5B00}.Release|Any CPU.ActiveCfg = Release|Any CPU
		{469B7218-C7F1-4D89-A90A-252F459A5B00}.Release|Any CPU.Build.0 = Release|Any CPU
	EndGlobalSection
	GlobalSection(SolutionProperties) = preSolution
		HideSolutionNode = FALSE
	EndGlobalSection
	GlobalSection(ExtensibilityGlobals) = postSolution
		SolutionGuid = {876AC3CA-7BA8-4779-8795-4513C6C57291}
	EndGlobalSection
EndGlobal
